
Microsoft Visual Studio Solution File, Format Version 11.00
# Visual Studio 2010
Project("{8BC9CEB8-8B4A-11D0-8D11-00A0C91BC942}") = "Turing.cpp", "Turing.cpp\Turing.cpp.vcxproj", "{53E6B3ED-0DE3-4C0B-A779-94EB181325CC}"
EndProject
Global
	GlobalSection(SolutionConfigurationPlatforms) = preSolution
		Debug|Win32 = Debug|Win32
		Release|Win32 = Release|Win32
	EndGlobalSection
	GlobalSection(ProjectConfigurationPlatforms) = postSolution
		{53E6B3ED-0DE3-4C0B-A779-94EB181325CC}.Debug|Win32.ActiveCfg = Debug|Win32
		{53E6B3ED-0DE3-4C0B-A779-94EB181325CC}.Debug|Win32.Build.0 = Debug|Win32
		{53E6B3ED-0DE3-4C0B-A779-94EB181325CC}.Release|Win32.ActiveCfg = Release|Win32
		{53E6B3ED-0DE3-4C0B-A779-94EB181325CC}.Release|Win32.Build.0 = Release|Win32
	EndGlobalSection
	GlobalSection(SolutionProperties) = preSolution
		HideSolutionNode = FALSE
	EndGlobalSection
EndGlobal
